
Microsoft Visual Studio Solution File, Format Version 12.00
# Visual Studio Version 16
VisualStudioVersion = 16.0.30711.63
MinimumVisualStudioVersion = 10.0.40219.1
Project("{FAE04EC0-301F-11D3-BF4B-00C04F79EFBC}") = "Luval.Automator.Core", "Luval.Automator.Core\Luval.Automator.Core.csproj", "{183DD8F4-DBDC-4431-B7EE-F6CB54657472}"
EndProject
Project("{FAE04EC0-301F-11D3-BF4B-00C04F79EFBC}") = "Luval.Automator.UI", "Luval.Automator.UI\Luval.Automator.UI.csproj", "{13C8DF08-1A32-4C05-A550-751BFD8EC674}"
EndProject
Global
	GlobalSection(SolutionConfigurationPlatforms) = preSolution
		Debug|Any CPU = Debug|Any CPU
		Release|Any CPU = Release|Any CPU
	EndGlobalSection
	GlobalSection(ProjectConfigurationPlatforms) = postSolution
		{183DD8F4-DBDC-4431-B7EE-F6CB54657472}.Debug|Any CPU.ActiveCfg = Debug|Any CPU
		{183DD8F4-DBDC-4431-B7EE-F6CB54657472}.Debug|Any CPU.Build.0 = Debug|Any CPU
		{183DD8F4-DBDC-4431-B7EE-F6CB54657472}.Release|Any CPU.ActiveCfg = Release|Any CPU
		{183DD8F4-DBDC-4431-B7EE-F6CB54657472}.Release|Any CPU.Build.0 = Release|Any CPU
		{13C8DF08-1A32-4C05-A550-751BFD8EC674}.Debug|Any CPU.ActiveCfg = Debug|Any CPU
		{13C8DF08-1A32-4C05-A550-751BFD8EC674}.Debug|Any CPU.Build.0 = Debug|Any CPU
		{13C8DF08-1A32-4C05-A550-751BFD8EC674}.Release|Any CPU.ActiveCfg = Release|Any CPU
		{13C8DF08-1A32-4C05-A550-751BFD8EC674}.Release|Any CPU.Build.0 = Release|Any CPU
	EndGlobalSection
	GlobalSection(SolutionProperties) = preSolution
		HideSolutionNode = FALSE
	EndGlobalSection
	GlobalSection(ExtensibilityGlobals) = postSolution
		SolutionGuid = {A270F4D5-D6D5-45D8-AC2F-F3F2323811E8}
	EndGlobalSection
EndGlobal
